
Microsoft Visual Studio Solution File, Format Version 12.00
# Visual Studio 15
VisualStudioVersion = 15.0.27428.2015
MinimumVisualStudioVersion = 10.0.40219.1
Project("{FAE04EC0-301F-11D3-BF4B-00C04F79EFBC}") = "MvcMovie", "MvcMovie\MvcMovie.csproj", "{3ABF22A3-DB81-4CDB-8E31-BD9E323EDC43}"
EndProject
Global
	GlobalSection(SolutionConfigurationPlatforms) = preSolution
		Debug|Any CPU = Debug|Any CPU
		Release|Any CPU = Release|Any CPU
	EndGlobalSection
	GlobalSection(ProjectConfigurationPlatforms) = postSolution
		{3ABF22A3-DB81-4CDB-8E31-BD9E323EDC43}.Debug|Any CPU.ActiveCfg = Debug|Any CPU
		{3ABF22A3-DB81-4CDB-8E31-BD9E323EDC43}.Debug|Any CPU.Build.0 = Debug|Any CPU
		{3ABF22A3-DB81-4CDB-8E31-BD9E323EDC43}.Release|Any CPU.ActiveCfg = Release|Any CPU
		{3ABF22A3-DB81-4CDB-8E31-BD9E323EDC43}.Release|Any CPU.Build.0 = Release|Any CPU
	EndGlobalSection
	GlobalSection(SolutionProperties) = preSolution
		HideSolutionNode = FALSE
	EndGlobalSection
	GlobalSection(ExtensibilityGlobals) = postSolution
		SolutionGuid = {7AA91692-F2FC-4C9E-9980-3B50783AB25A}
	EndGlobalSection
EndGlobal
